{
  "name": "frontend",
  "lockfileVersion": 3,
  "requires": true,
  "packages": {
    "": {
      "dependencies": {
        "backend": "file:.."
      }
    },
    "..": {
      "version": "1.0.0",
      "license": "ISC",
      "dependencies": {
        "bcryptjs": "^2.4.3",
        "cloudinary": "^2.4.0",
        "cookie-parser": "^1.4.6",
        "cors": "^2.8.5",
        "dotenv": "^16.4.5",
        "express": "^4.19.2",
        "jsonwebtoken": "^9.0.2",
        "mailtrap": "^3.4.0",
        "mongoose": "^8.6.1",
        "nodemon": "^3.1.4"
      },
      "engines": {
        "node": "20.14.0"
      }
    },
    "node_modules/backend": {
      "resolved": "..",
      "link": true
    }
  }
}
